
Microsoft Visual Studio Solution File, Format Version 12.00
# Visual Studio Version 17
VisualStudioVersion = 17.4.33110.190
MinimumVisualStudioVersion = 10.0.40219.1
Project("{FAE04EC0-301F-11D3-BF4B-00C04F79EFBC}") = "DotNetBootcamp_API", "DotNetBootcamp_API\DotNetBootcamp_API.csproj", "{49D382DE-2171-4B4A-9034-463571CAD1E4}"
EndProject
Global
	GlobalSection(SolutionConfigurationPlatforms) = preSolution
		Debug|Any CPU = Debug|Any CPU
		Release|Any CPU = Release|Any CPU
	EndGlobalSection
	GlobalSection(ProjectConfigurationPlatforms) = postSolution
		{49D382DE-2171-4B4A-9034-463571CAD1E4}.Debug|Any CPU.ActiveCfg = Debug|Any CPU
		{49D382DE-2171-4B4A-9034-463571CAD1E4}.Debug|Any CPU.Build.0 = Debug|Any CPU
		{49D382DE-2171-4B4A-9034-463571CAD1E4}.Release|Any CPU.ActiveCfg = Release|Any CPU
		{49D382DE-2171-4B4A-9034-463571CAD1E4}.Release|Any CPU.Build.0 = Release|Any CPU
	EndGlobalSection
	GlobalSection(SolutionProperties) = preSolution
		HideSolutionNode = FALSE
	EndGlobalSection
	GlobalSection(ExtensibilityGlobals) = postSolution
		SolutionGuid = {C2D3F4BB-E80D-43DE-A581-21F5A968DEDB}
	EndGlobalSection
EndGlobal
